dependencies:
- name: cert-manager
  repository: https://charts.jetstack.io
  version: v1.8.0
- name: mariadb
  repository: https://charts.bitnami.com/bitnami
  version: 11.0.10
- name: postgresql
  repository: https://charts.bitnami.com/bitnami
  version: 11.9.10
- name: rabbitmq
  repository: https://charts.bitnami.com/bitnami
  version: 10.1.1
- name: redis
  repository: https://charts.bitnami.com/bitnami
  version: 16.10.1
- name: grafana
  repository: https://grafana.github.io/helm-charts
  version: 6.29.6
- name: ingress-nginx
  repository: https://kubernetes.github.io/ingress-nginx
  version: 4.1.4
digest: sha256:8e17f2f6a087b6db52670458fc0e1cb39b0a3f7962ff7ebbc7be4c982a4e1720
generated: "2022-10-18T11:22:39.061819+02:00"
